// !$*UTF8*$!
{
	archiveVersion = 1;
	classes = {
	};
	objectVersion = 50;
	objects = {

/* Begin PBXBuildFile section */
		352D13F1241867D700A5EFC9 /* AppDelegate.swift in Sources */ = {isa = PBXBuildFile; fileRef = 352D13F0241867D700A5EFC9 /* AppDelegate.swift */; };
		352D13F3241867D700A5EFC9 /* SceneDelegate.swift in Sources */ = {isa = PBXBuildFile; fileRef = 352D13F2241867D700A5EFC9 /* SceneDelegate.swift */; };
		352D13F8241867D700A5EFC9 /* Main.storyboard in Resources */ = {isa = PBXBuildFile; fileRef = 352D13F6241867D700A5EFC9 /* Main.storyboard */; };
		352D13FB241867D700A5EFC9 /* ShoppingList2.xcdatamodeld in Sources */ = {isa = PBXBuildFile; fileRef = 352D13F9241867D700A5EFC9 /* ShoppingList2.xcdatamodeld */; };
		352D13FD241867D800A5EFC9 /* Assets.xcassets in Resources */ = {isa = PBXBuildFile; fileRef = 352D13FC241867D800A5EFC9 /* Assets.xcassets */; };
		352D1400241867D800A5EFC9 /* LaunchScreen.storyboard in Resources */ = {isa = PBXBuildFile; fileRef = 352D13FE241867D800A5EFC9 /* LaunchScreen.storyboard */; };
		352D140C24186D6300A5EFC9 /* ShoppingListTableViewController.swift in Sources */ = {isa = PBXBuildFile; fileRef = 352D140B24186D6300A5EFC9 /* ShoppingListTableViewController.swift */; };
		352D140E24186F1300A5EFC9 /* ListController.swift in Sources */ = {isa = PBXBuildFile; fileRef = 352D140D24186F1300A5EFC9 /* ListController.swift */; };
		352D14102418760400A5EFC9 /* CoreDataStack.swift in Sources */ = {isa = PBXBuildFile; fileRef = 352D140F2418760400A5EFC9 /* CoreDataStack.swift */; };
		352D14122418774E00A5EFC9 /* List+Convenience.swift in Sources */ = {isa = PBXBuildFile; fileRef = 352D14112418774E00A5EFC9 /* List+Convenience.swift */; };
		352D1416241878E500A5EFC9 /* CustomListTableViewCell.swift in Sources */ = {isa = PBXBuildFile; fileRef = 352D1415241878E500A5EFC9 /* CustomListTableViewCell.swift */; };
/* End PBXBuildFile section */

/* Begin PBXFileReference section */
		352D13ED241867D700A5EFC9 /* ShoppingList2.app */ = {isa = PBXFileReference; explicitFileType = wrapper.application; includeInIndex = 0; path = ShoppingList2.app; sourceTree = BUILT_PRODUCTS_DIR; };
		352D13F0241867D700A5EFC9 /* AppDelegate.swift */ = {isa = PBXFileReference; lastKnownFileType = sourcecode.swift; path = AppDelegate.swift; sourceTree = "<group>"; };
		352D13F2241867D700A5EFC9 /* SceneDelegate.swift */ = {isa = PBXFileReference; lastKnownFileType = sourcecode.swift; path = SceneDelegate.swift; sourceTree = "<group>"; };
		352D13F7241867D700A5EFC9 /* Base */ = {isa = PBXFileReference; lastKnownFileType = file.storyboard; name = Base; path = Base.lproj/Main.storyboard; sourceTree = "<group>"; };
		352D13FA241867D700A5EFC9 /* ShoppingList2.xcdatamodel */ = {isa = PBXFileReference; lastKnownFileType = wrapper.xcdatamodel; path = ShoppingList2.xcdatamodel; sourceTree = "<group>"; };
		352D13FC241867D800A5EFC9 /* Assets.xcassets */ = {isa = PBXFileReference; lastKnownFileType = folder.assetcatalog; path = Assets.xcassets; sourceTree = "<group>"; };
		352D13FF241867D800A5EFC9 /* Base */ = {isa = PBXFileReference; lastKnownFileType = file.storyboard; name = Base; path = Base.lproj/LaunchScreen.storyboard; sourceTree = "<group>"; };
		352D1401241867D800A5EFC9 /* Info.plist */ = {isa = PBXFileReference; lastKnownFileType = text.plist.xml; path = Info.plist; sourceTree = "<group>"; };
		352D140B24186D6300A5EFC9 /* ShoppingListTableViewController.swift */ = {isa = PBXFileReference; lastKnownFileType = sourcecode.swift; path = ShoppingListTableViewController.swift; sourceTree = "<group>"; };
		352D140D24186F1300A5EFC9 /* ListController.swift */ = {isa = PBXFileReference; lastKnownFileType = sourcecode.swift; path = ListController.swift; sourceTree = "<group>"; };
		352D140F2418760400A5EFC9 /* CoreDataStack.swift */ = {isa = PBXFileReference; lastKnownFileType = sourcecode.swift; path = CoreDataStack.swift; sourceTree = "<group>"; };
		352D14112418774E00A5EFC9 /* List+Convenience.swift */ = {isa = PBXFileReference; lastKnownFileType = sourcecode.swift; path = "List+Convenience.swift"; sourceTree = "<group>"; };
		352D1415241878E500A5EFC9 /* CustomListTableViewCell.swift */ = {isa = PBXFileReference; lastKnownFileType = sourcecode.swift; path = CustomListTableViewCell.swift; sourceTree = "<group>"; };
/* End PBXFileReference section */

/* Begin PBXFrameworksBuildPhase section */
		352D13EA241867D700A5EFC9 /* Frameworks */ = {
			isa = PBXFrameworksBuildPhase;
			buildActionMask = 2147483647;
			files = (
			);
			runOnlyForDeploymentPostprocessing = 0;
		};
/* End PBXFrameworksBuildPhase section */

/* Begin PBXGroup section */
		352D13E4241867D700A5EFC9 = {
			isa = PBXGroup;
			children = (
				352D13EF241867D700A5EFC9 /* ShoppingList2 */,
				352D13EE241867D700A5EFC9 /* Products */,
			);
			sourceTree = "<group>";
		};
		352D13EE241867D700A5EFC9 /* Products */ = {
			isa = PBXGroup;
			children = (
				352D13ED241867D700A5EFC9 /* ShoppingList2.app */,
			);
			name = Products;
			sourceTree = "<group>";
		};
		352D13EF241867D700A5EFC9 /* ShoppingList2 */ = {
			isa = PBXGroup;
			children = (
				352D140A2418681200A5EFC9 /* Controllers */,
				352D14092418680A00A5EFC9 /* View */,
				352D14082418680200A5EFC9 /* Model */,
				352D1407241867E900A5EFC9 /* Resources */,
				352D13F9241867D700A5EFC9 /* ShoppingList2.xcdatamodeld */,
			);
			path = ShoppingList2;
			sourceTree = "<group>";
		};
		352D1407241867E900A5EFC9 /* Resources */ = {
			isa = PBXGroup;
			children = (
				352D13F0241867D700A5EFC9 /* AppDelegate.swift */,
				352D13F2241867D700A5EFC9 /* SceneDelegate.swift */,
				352D13FC241867D800A5EFC9 /* Assets.xcassets */,
				352D13FE241867D800A5EFC9 /* LaunchScreen.storyboard */,
				352D1401241867D800A5EFC9 /* Info.plist */,
			);
			path = Resources;
			sourceTree = "<group>";
		};
		352D14082418680200A5EFC9 /* Model */ = {
			isa = PBXGroup;
			children = (
				352D140F2418760400A5EFC9 /* CoreDataStack.swift */,
				352D14112418774E00A5EFC9 /* List+Convenience.swift */,
			);
			path = Model;
			sourceTree = "<group>";
		};
		352D14092418680A00A5EFC9 /* View */ = {
			isa = PBXGroup;
			children = (
				352D13F6241867D700A5EFC9 /* Main.storyboard */,
			);
			path = View;
			sourceTree = "<group>";
		};
		352D140A2418681200A5EFC9 /* Controllers */ = {
			isa = PBXGroup;
			children = (
				352D14142418789200A5EFC9 /* View Controller */,
				352D14132418788900A5EFC9 /* Model Controller */,
				352D140D24186F1300A5EFC9 /* ListController.swift */,
			);
			path = Controllers;
			sourceTree = "<group>";
		};
		352D14132418788900A5EFC9 /* Model Controller */ = {
			isa = PBXGroup;
			children = (
				352D1415241878E500A5EFC9 /* CustomListTableViewCell.swift */,
			);
			path = "Model Controller";
			sourceTree = "<group>";
		};
		352D14142418789200A5EFC9 /* View Controller */ = {
			isa = PBXGroup;
			children = (
				352D140B24186D6300A5EFC9 /* ShoppingListTableViewController.swift */,
			);
			path = "View Controller";
			sourceTree = "<group>";
		};
/* End PBXGroup section */

/* Begin PBXNativeTarget section */
		352D13EC241867D700A5EFC9 /* ShoppingList2 */ = {
			isa = PBXNativeTarget;
			buildConfigurationList = 352D1404241867D800A5EFC9 /* Build configuration list for PBXNativeTarget "ShoppingList2" */;
			buildPhases = (
				352D13E9241867D700A5EFC9 /* Sources */,
				352D13EA241867D700A5EFC9 /* Frameworks */,
				352D13EB241867D700A5EFC9 /* Resources */,
			);
			buildRules = (
			);
			dependencies = (
			);
			name = ShoppingList2;
			productName = ShoppingList2;
			productReference = 352D13ED241867D700A5EFC9 /* ShoppingList2.app */;
			productType = "com.apple.product-type.application";
		};
/* End PBXNativeTarget section */

/* Begin PBXProject section */
		352D13E5241867D700A5EFC9 /* Project object */ = {
			isa = PBXProject;
			attributes = {
				LastSwiftUpdateCheck = 1130;
				LastUpgradeCheck = 1130;
				ORGANIZATIONNAME = "Kelsey Sparkman";
				TargetAttributes = {
					352D13EC241867D700A5EFC9 = {
						CreatedOnToolsVersion = 11.3.1;
					};
				};
			};
			buildConfigurationList = 352D13E8241867D700A5EFC9 /* Build configuration list for PBXProject "ShoppingList2" */;
			compatibilityVersion = "Xcode 9.3";
			developmentRegion = en;
			hasScannedForEncodings = 0;
			knownRegions = (
				en,
				Base,
			);
			mainGroup = 352D13E4241867D700A5EFC9;
			productRefGroup = 352D13EE241867D700A5EFC9 /* Products */;
			projectDirPath = "";
			projectRoot = "";
			targets = (
				352D13EC241867D700A5EFC9 /* ShoppingList2 */,
			);
		};
/* End PBXProject section */

/* Begin PBXResourcesBuildPhase section */
		352D13EB241867D700A5EFC9 /* Resources */ = {
			isa = PBXResourcesBuildPhase;
			buildActionMask = 2147483647;
			files = (
				352D1400241867D800A5EFC9 /* LaunchScreen.storyboard in Resources */,
				352D13FD241867D800A5EFC9 /* Assets.xcassets in Resources */,
				352D13F8241867D700A5EFC9 /* Main.storyboard in Resources */,
			);
			runOnlyForDeploymentPostprocessing = 0;
		};
/* End PBXResourcesBuildPhase section */

/* Begin PBXSourcesBuildPhase section */
		352D13E9241867D700A5EFC9 /* Sources */ = {
			isa = PBXSourcesBuildPhase;
			buildActionMask = 2147483647;
			files = (
				352D13FB241867D700A5EFC9 /* ShoppingList2.xcdatamodeld in Sources */,
				352D140E24186F1300A5EFC9 /* ListController.swift in Sources */,
				352D1416241878E500A5EFC9 /* CustomListTableViewCell.swift in Sources */,
				352D13F1241867D700A5EFC9 /* AppDelegate.swift in Sources */,
				352D14122418774E00A5EFC9 /* List+Convenience.swift in Sources */,
				352D14102418760400A5EFC9 /* CoreDataStack.swift in Sources */,
				352D13F3241867D700A5EFC9 /* SceneDelegate.swift in Sources */,
				352D140C24186D6300A5EFC9 /* ShoppingListTableViewController.swift in Sources */,
			);
			runOnlyForDeploymentPostprocessing = 0;
		};
/* End PBXSourcesBuildPhase section */

/* Begin PBXVariantGroup section */
		352D13F6241867D700A5EFC9 /* Main.storyboard */ = {
			isa = PBXVariantGroup;
			children = (
				352D13F7241867D700A5EFC9 /* Base */,
			);
			name = Main.storyboard;
			sourceTree = "<group>";
		};
		352D13FE241867D800A5EFC9 /* LaunchScreen.storyboard */ = {
			isa = PBXVariantGroup;
			children = (
				352D13FF241867D800A5EFC9 /* Base */,
			);
			name = LaunchScreen.storyboard;
			sourceTree = "<group>";
		};
/* End PBXVariantGroup section */

/* Begin XCBuildConfiguration section */
		352D1402241867D800A5EFC9 /* Debug */ = {
			isa = XCBuildConfiguration;
			buildSettings = {
				ALWAYS_SEARCH_USER_PATHS = NO;
				CLANG_ANALYZER_NONNULL = YES;
				CLANG_ANALYZER_NUMBER_OBJECT_CONVERSION = YES_AGGRESSIVE;
				CLANG_CXX_LANGUAGE_STANDARD = "gnu++14";
				CLANG_CXX_LIBRARY = "libc++";
				CLANG_ENABLE_MODULES = YES;
				CLANG_ENABLE_OBJC_ARC = YES;
				CLANG_ENABLE_OBJC_WEAK = YES;
				CLANG_WARN_BLOCK_CAPTURE_AUTORELEASING = YES;
				CLANG_WARN_BOOL_CONVERSION = YES;
				CLANG_WARN_COMMA = YES;
				CLANG_WARN_CONSTANT_CONVERSION = YES;
				CLANG_WARN_DEPRECATED_OBJC_IMPLEMENTATIONS = YES;
				CLANG_WARN_DIRECT_OBJC_ISA_USAGE = YES_ERROR;
				CLANG_WARN_DOCUMENTATION_COMMENTS = YES;
				CLANG_WARN_EMPTY_BODY = YES;
				CLANG_WARN_ENUM_CONVERSION = YES;
				CLANG_WARN_INFINITE_RECURSION = YES;
				CLANG_WARN_INT_CONVERSION = YES;
				CLANG_WARN_NON_LITERAL_NULL_CONVERSION = YES;
				CLANG_WARN_OBJC_IMPLICIT_RETAIN_SELF = YES;
				CLANG_WARN_OBJC_LITERAL_CONVERSION = YES;
				CLANG_WARN_OBJC_ROOT_CLASS = YES_ERROR;
				CLANG_WARN_RANGE_LOOP_ANALYSIS = YES;
				CLANG_WARN_STRICT_PROTOTYPES = YES;
				CLANG_WARN_SUSPICIOUS_MOVE = YES;
				CLANG_WARN_UNGUARDED_AVAILABILITY = YES_AGGRESSIVE;
				CLANG_WARN_UNREACHABLE_CODE = YES;
				CLANG_WARN__DUPLICATE_METHOD_MATCH = YES;
				COPY_PHASE_STRIP = NO;
				DEBUG_INFORMATION_FORMAT = dwarf;
				ENABLE_STRICT_OBJC_MSGSEND = YES;
				ENABLE_TESTABILITY = YES;
				GCC_C_LANGUAGE_STANDARD = gnu11;
				GCC_DYNAMIC_NO_PIC = NO;
				GCC_NO_COMMON_BLOCKS = YES;
				GCC_OPTIMIZATION_LEVEL = 0;
				GCC_PREPROCESSOR_DEFINITIONS = (
					"DEBUG=1",
					"$(inherited)",
				);
				GCC_WARN_64_TO_32_BIT_CONVERSION = YES;
				GCC_WARN_ABOUT_RETURN_TYPE = YES_ERROR;
				GCC_WARN_UNDECLARED_SELECTOR = YES;
				GCC_WARN_UNINITIALIZED_AUTOS = YES_AGGRESSIVE;
				GCC_WARN_UNUSED_FUNCTION = YES;
				GCC_WARN_UNUSED_VARIABLE = YES;
				IPHONEOS_DEPLOYMENT_TARGET = 13.2;
				MTL_ENABLE_DEBUG_INFO = INCLUDE_SOURCE;
				MTL_FAST_MATH = YES;
				ONLY_ACTIVE_ARCH = YES;
				SDKROOT = iphoneos;
				SWIFT_ACTIVE_COMPILATION_CONDITIONS = DEBUG;
				SWIFT_OPTIMIZATION_LEVEL = "-Onone";
			};
			name = Debug;
		};
		352D1403241867D800A5EFC9 /* Release */ = {
			isa = XCBuildConfiguration;
			buildSettings = {
				ALWAYS_SEARCH_USER_PATHS = NO;
				CLANG_ANALYZER_NONNULL = YES;
				CLANG_ANALYZER_NUMBER_OBJECT_CONVERSION = YES_AGGRESSIVE;
				CLANG_CXX_LANGUAGE_STANDARD = "gnu++14";
				CLANG_CXX_LIBRARY = "libc++";
				CLANG_ENABLE_MODULES = YES;
				CLANG_ENABLE_OBJC_ARC = YES;
				CLANG_ENABLE_OBJC_WEAK = YES;
				CLANG_WARN_BLOCK_CAPTURE_AUTORELEASING = YES;
				CLANG_WARN_BOOL_CONVERSION = YES;
				CLANG_WARN_COMMA = YES;
				CLANG_WARN_CONSTANT_CONVERSION = YES;
				CLANG_WARN_DEPRECATED_OBJC_IMPLEMENTATIONS = YES;
				CLANG_WARN_DIRECT_OBJC_ISA_USAGE = YES_ERROR;
				CLANG_WARN_DOCUMENTATION_COMMENTS = YES;
				CLANG_WARN_EMPTY_BODY = YES;
				CLANG_WARN_ENUM_CONVERSION = YES;
				CLANG_WARN_INFINITE_RECURSION = YES;
				CLANG_WARN_INT_CONVERSION = YES;
				CLANG_WARN_NON_LITERAL_NULL_CONVERSION = YES;
				CLANG_WARN_OBJC_IMPLICIT_RETAIN_SELF = YES;
				CLANG_WARN_OBJC_LITERAL_CONVERSION = YES;
				CLANG_WARN_OBJC_ROOT_CLASS = YES_ERROR;
				CLANG_WARN_RANGE_LOOP_ANALYSIS = YES;
				CLANG_WARN_STRICT_PROTOTYPES = YES;
				CLANG_WARN_SUSPICIOUS_MOVE = YES;
				CLANG_WARN_UNGUARDED_AVAILABILITY = YES_AGGRESSIVE;
				CLANG_WARN_UNREACHABLE_CODE = YES;
				CLANG_WARN__DUPLICATE_METHOD_MATCH = YES;
				COPY_PHASE_STRIP = NO;
				DEBUG_INFORMATION_FORMAT = "dwarf-with-dsym";
				ENABLE_NS_ASSERTIONS = NO;
				ENABLE_STRICT_OBJC_MSGSEND = YES;
				GCC_C_LANGUAGE_STANDARD = gnu11;
				GCC_NO_COMMON_BLOCKS = YES;
				GCC_WARN_64_TO_32_BIT_CONVERSION = YES;
				GCC_WARN_ABOUT_RETURN_TYPE = YES_ERROR;
				GCC_WARN_UNDECLARED_SELECTOR = YES;
				GCC_WARN_UNINITIALIZED_AUTOS = YES_AGGRESSIVE;
				GCC_WARN_UNUSED_FUNCTION = YES;
				GCC_WARN_UNUSED_VARIABLE = YES;
				IPHONEOS_DEPLOYMENT_TARGET = 13.2;
				MTL_ENABLE_DEBUG_INFO = NO;
				MTL_FAST_MATH = YES;
				SDKROOT = iphoneos;
				SWIFT_COMPILATION_MODE = wholemodule;
				SWIFT_OPTIMIZATION_LEVEL = "-O";
				VALIDATE_PRODUCT = YES;
			};
			name = Release;
		};
		352D1405241867D800A5EFC9 /* Debug */ = {
			isa = XCBuildConfiguration;
			buildSettings = {
				ASSETCATALOG_COMPILER_APPICON_NAME = AppIcon;
				CODE_SIGN_STYLE = Automatic;
				INFOPLIST_FILE = ShoppingList2/Resources/Info.plist;
				LD_RUNPATH_SEARCH_PATHS = (
					"$(inherited)",
					"@executable_path/Frameworks",
				);
				PRODUCT_BUNDLE_IDENTIFIER = com.DMA.ShoppingList2;
				PRODUCT_NAME = "$(TARGET_NAME)";
				SWIFT_VERSION = 5.0;
				TARGETED_DEVICE_FAMILY = "1,2";
			};
			name = Debug;
		};
		352D1406241867D800A5EFC9 /* Release */ = {
			isa = XCBuildConfiguration;
			buildSettings = {
				ASSETCATALOG_COMPILER_APPICON_NAME = AppIcon;
				CODE_SIGN_STYLE = Automatic;
				INFOPLIST_FILE = ShoppingList2/Resources/Info.plist;
				LD_RUNPATH_SEARCH_PATHS = (
					"$(inherited)",
					"@executable_path/Frameworks",
				);
				PRODUCT_BUNDLE_IDENTIFIER = com.DMA.ShoppingList2;
				PRODUCT_NAME = "$(TARGET_NAME)";
				SWIFT_VERSION = 5.0;
				TARGETED_DEVICE_FAMILY = "1,2";
			};
			name = Release;
		};
/* End XCBuildConfiguration section */

/* Begin XCConfigurationList section */
		352D13E8241867D700A5EFC9 /* Build configuration list for PBXProject "ShoppingList2" */ = {
			isa = XCConfigurationList;
			buildConfigurations = (
				352D1402241867D800A5EFC9 /* Debug */,
				352D1403241867D800A5EFC9 /* Release */,
			);
			defaultConfigurationIsVisible = 0;
			defaultConfigurationName = Release;
		};
		352D1404241867D800A5EFC9 /* Build configuration list for PBXNativeTarget "ShoppingList2" */ = {
			isa = XCConfigurationList;
			buildConfigurations = (
				352D1405241867D800A5EFC9 /* Debug */,
				352D1406241867D800A5EFC9 /* Release */,
			);
			defaultConfigurationIsVisible = 0;
			defaultConfigurationName = Release;
		};
/* End XCConfigurationList section */

/* Begin XCVersionGroup section */
		352D13F9241867D700A5EFC9 /* ShoppingList2.xcdatamodeld */ = {
			isa = XCVersionGroup;
			children = (
				352D13FA241867D700A5EFC9 /* ShoppingList2.xcdatamodel */,
			);
			currentVersion = 352D13FA241867D700A5EFC9 /* ShoppingList2.xcdatamodel */;
			path = ShoppingList2.xcdatamodeld;
			sourceTree = "<group>";
			versionGroupType = wrapper.xcdatamodel;
		};
/* End XCVersionGroup section */
	};
	rootObject = 352D13E5241867D700A5EFC9 /* Project object */;
}
